// !$*UTF8*$!
{
	archiveVersion = 1;
	classes = {
	};
	objectVersion = 50;
	objects = {

/* Begin PBXBuildFile section */
		33895C0A244DB83300E0FD0B /* LGSDK.framework in Frameworks */ = {isa = PBXBuildFile; fileRef = 33895C00244DB83200E0FD0B /* LGSDK.framework */; };
		33895C0F244DB83300E0FD0B /* LGSDKTests.m in Sources */ = {isa = PBXBuildFile; fileRef = 33895C0E244DB83300E0FD0B /* LGSDKTests.m */; };
		33895C25244DB8B100E0FD0B /* LGSDK.h in Headers */ = {isa = PBXBuildFile; fileRef = 33895C23244DB8B100E0FD0B /* LGSDK.h */; settings = {ATTRIBUTES = (Public, ); }; };
		33895C26244DB8B100E0FD0B /* LGSDK.m in Sources */ = {isa = PBXBuildFile; fileRef = 33895C24244DB8B100E0FD0B /* LGSDK.m */; };
/* End PBXBuildFile section */

/* Begin PBXContainerItemProxy section */
		33895C0B244DB83300E0FD0B /* PBXContainerItemProxy */ = {
			isa = PBXContainerItemProxy;
			containerPortal = 33895BF7244DB83200E0FD0B /* Project object */;
			proxyType = 1;
			remoteGlobalIDString = 33895BFF244DB83200E0FD0B;
			remoteInfo = LGSDK;
		};
/* End PBXContainerItemProxy section */

/* Begin PBXFileReference section */
		33895C00244DB83200E0FD0B /* LGSDK.framework */ = {isa = PBXFileReference; explicitFileType = wrapper.framework; includeInIndex = 0; path = LGSDK.framework; sourceTree = BUILT_PRODUCTS_DIR; };
		33895C04244DB83300E0FD0B /* Info.plist */ = {isa = PBXFileReference; lastKnownFileType = text.plist.xml; path = Info.plist; sourceTree = "<group>"; };
		33895C09244DB83300E0FD0B /* LGSDKTests.xctest */ = {isa = PBXFileReference; explicitFileType = wrapper.cfbundle; includeInIndex = 0; path = LGSDKTests.xctest; sourceTree = BUILT_PRODUCTS_DIR; };
		33895C0E244DB83300E0FD0B /* LGSDKTests.m */ = {isa = PBXFileReference; lastKnownFileType = sourcecode.c.objc; path = LGSDKTests.m; sourceTree = "<group>"; };
		33895C10244DB83300E0FD0B /* Info.plist */ = {isa = PBXFileReference; lastKnownFileType = text.plist.xml; path = Info.plist; sourceTree = "<group>"; };
		33895C23244DB8B100E0FD0B /* LGSDK.h */ = {isa = PBXFileReference; lastKnownFileType = sourcecode.c.h; path = LGSDK.h; sourceTree = "<group>"; };
		33895C24244DB8B100E0FD0B /* LGSDK.m */ = {isa = PBXFileReference; lastKnownFileType = sourcecode.c.objc; path = LGSDK.m; sourceTree = "<group>"; };
/* End PBXFileReference section */

/* Begin PBXFrameworksBuildPhase section */
		33895BFD244DB83200E0FD0B /* Frameworks */ = {
			isa = PBXFrameworksBuildPhase;
			buildActionMask = 2147483647;
			files = (
			);
			runOnlyForDeploymentPostprocessing = 0;
		};
		33895C06244DB83300E0FD0B /* Frameworks */ = {
			isa = PBXFrameworksBuildPhase;
			buildActionMask = 2147483647;
			files = (
				33895C0A244DB83300E0FD0B /* LGSDK.framework in Frameworks */,
			);
			runOnlyForDeploymentPostprocessing = 0;
		};
/* End PBXFrameworksBuildPhase section */

/* Begin PBXGroup section */
		33895BF6244DB83200E0FD0B = {
			isa = PBXGroup;
			children = (
				33895C02244DB83300E0FD0B /* LGSDK */,
				33895C0D244DB83300E0FD0B /* LGSDKTests */,
				33895C01244DB83200E0FD0B /* Products */,
			);
			sourceTree = "<group>";
		};
		33895C01244DB83200E0FD0B /* Products */ = {
			isa = PBXGroup;
			children = (
				33895C00244DB83200E0FD0B /* LGSDK.framework */,
				33895C09244DB83300E0FD0B /* LGSDKTests.xctest */,
			);
			name = Products;
			sourceTree = "<group>";
		};
		33895C02244DB83300E0FD0B /* LGSDK */ = {
			isa = PBXGroup;
			children = (
				33895C23244DB8B100E0FD0B /* LGSDK.h */,
				33895C24244DB8B100E0FD0B /* LGSDK.m */,
				33895C04244DB83300E0FD0B /* Info.plist */,
			);
			path = LGSDK;
			sourceTree = "<group>";
		};
		33895C0D244DB83300E0FD0B /* LGSDKTests */ = {
			isa = PBXGroup;
			children = (
				33895C0E244DB83300E0FD0B /* LGSDKTests.m */,
				33895C10244DB83300E0FD0B /* Info.plist */,
			);
			path = LGSDKTests;
			sourceTree = "<group>";
		};
/* End PBXGroup section */

/* Begin PBXHeadersBuildPhase section */
		33895BFB244DB83200E0FD0B /* Headers */ = {
			isa = PBXHeadersBuildPhase;
			buildActionMask = 2147483647;
			files = (
				33895C25244DB8B100E0FD0B /* LGSDK.h in Headers */,
			);
			runOnlyForDeploymentPostprocessing = 0;
		};
/* End PBXHeadersBuildPhase section */

/* Begin PBXNativeTarget section */
		33895BFF244DB83200E0FD0B /* LGSDK */ = {
			isa = PBXNativeTarget;
			buildConfigurationList = 33895C14244DB83300E0FD0B /* Build configuration list for PBXNativeTarget "LGSDK" */;
			buildPhases = (
				33895BFB244DB83200E0FD0B /* Headers */,
				33895BFC244DB83200E0FD0B /* Sources */,
				33895BFD244DB83200E0FD0B /* Frameworks */,
				33895BFE244DB83200E0FD0B /* Resources */,
			);
			buildRules = (
			);
			dependencies = (
			);
			name = LGSDK;
			productName = LGSDK;
			productReference = 33895C00244DB83200E0FD0B /* LGSDK.framework */;
			productType = "com.apple.product-type.framework";
		};
		33895C08244DB83300E0FD0B /* LGSDKTests */ = {
			isa = PBXNativeTarget;
			buildConfigurationList = 33895C17244DB83300E0FD0B /* Build configuration list for PBXNativeTarget "LGSDKTests" */;
			buildPhases = (
				33895C05244DB83300E0FD0B /* Sources */,
				33895C06244DB83300E0FD0B /* Frameworks */,
				33895C07244DB83300E0FD0B /* Resources */,
			);
			buildRules = (
			);
			dependencies = (
				33895C0C244DB83300E0FD0B /* PBXTargetDependency */,
			);
			name = LGSDKTests;
			productName = LGSDKTests;
			productReference = 33895C09244DB83300E0FD0B /* LGSDKTests.xctest */;
			productType = "com.apple.product-type.bundle.unit-test";
		};
/* End PBXNativeTarget section */

/* Begin PBXProject section */
		33895BF7244DB83200E0FD0B /* Project object */ = {
			isa = PBXProject;
			attributes = {
				LastUpgradeCheck = 1140;
				ORGANIZATIONNAME = dreamit;
				TargetAttributes = {
					33895BFF244DB83200E0FD0B = {
						CreatedOnToolsVersion = 11.4.1;
					};
					33895C08244DB83300E0FD0B = {
						CreatedOnToolsVersion = 11.4.1;
					};
				};
			};
			buildConfigurationList = 33895BFA244DB83200E0FD0B /* Build configuration list for PBXProject "LGSDK" */;
			compatibilityVersion = "Xcode 9.3";
			developmentRegion = en;
			hasScannedForEncodings = 0;
			knownRegions = (
				en,
				Base,
			);
			mainGroup = 33895BF6244DB83200E0FD0B;
			productRefGroup = 33895C01244DB83200E0FD0B /* Products */;
			projectDirPath = "";
			projectRoot = "";
			targets = (
				33895BFF244DB83200E0FD0B /* LGSDK */,
				33895C08244DB83300E0FD0B /* LGSDKTests */,
			);
		};
/* End PBXProject section */

/* Begin PBXResourcesBuildPhase section */
		33895BFE244DB83200E0FD0B /* Resources */ = {
			isa = PBXResourcesBuildPhase;
			buildActionMask = 2147483647;
			files = (
			);
			runOnlyForDeploymentPostprocessing = 0;
		};
		33895C07244DB83300E0FD0B /* Resources */ = {
			isa = PBXResourcesBuildPhase;
			buildActionMask = 2147483647;
			files = (
			);
			runOnlyForDeploymentPostprocessing = 0;
		};
/* End PBXResourcesBuildPhase section */

/* Begin PBXSourcesBuildPhase section */
		33895BFC244DB83200E0FD0B /* Sources */ = {
			isa = PBXSourcesBuildPhase;
			buildActionMask = 2147483647;
			files = (
				33895C26244DB8B100E0FD0B /* LGSDK.m in Sources */,
			);
			runOnlyForDeploymentPostprocessing = 0;
		};
		33895C05244DB83300E0FD0B /* Sources */ = {
			isa = PBXSourcesBuildPhase;
			buildActionMask = 2147483647;
			files = (
				33895C0F244DB83300E0FD0B /* LGSDKTests.m in Sources */,
			);
			runOnlyForDeploymentPostprocessing = 0;
		};
/* End PBXSourcesBuildPhase section */

/* Begin PBXTargetDependency section */
		33895C0C244DB83300E0FD0B /* PBXTargetDependency */ = {
			isa = PBXTargetDependency;
			target = 33895BFF244DB83200E0FD0B /* LGSDK */;
			targetProxy = 33895C0B244DB83300E0FD0B /* PBXContainerItemProxy */;
		};
/* End PBXTargetDependency section */

/* Begin XCBuildConfiguration section */
		33895C12244DB83300E0FD0B /* Debug */ = {
			isa = XCBuildConfiguration;
			buildSettings = {
				ALWAYS_SEARCH_USER_PATHS = NO;
				CLANG_ANALYZER_NONNULL = YES;
				CLANG_ANALYZER_NUMBER_OBJECT_CONVERSION = YES_AGGRESSIVE;
				CLANG_CXX_LANGUAGE_STANDARD = "gnu++14";
				CLANG_CXX_LIBRARY = "libc++";
				CLANG_ENABLE_MODULES = YES;
				CLANG_ENABLE_OBJC_ARC = YES;
				CLANG_ENABLE_OBJC_WEAK = YES;
				CLANG_WARN_BLOCK_CAPTURE_AUTORELEASING = YES;
				CLANG_WARN_BOOL_CONVERSION = YES;
				CLANG_WARN_COMMA = YES;
				CLANG_WARN_CONSTANT_CONVERSION = YES;
				CLANG_WARN_DEPRECATED_OBJC_IMPLEMENTATIONS = YES;
				CLANG_WARN_DIRECT_OBJC_ISA_USAGE = YES_ERROR;
				CLANG_WARN_DOCUMENTATION_COMMENTS = YES;
				CLANG_WARN_EMPTY_BODY = YES;
				CLANG_WARN_ENUM_CONVERSION = YES;
				CLANG_WARN_INFINITE_RECURSION = YES;
				CLANG_WARN_INT_CONVERSION = YES;
				CLANG_WARN_NON_LITERAL_NULL_CONVERSION = YES;
				CLANG_WARN_OBJC_IMPLICIT_RETAIN_SELF = YES;
				CLANG_WARN_OBJC_LITERAL_CONVERSION = YES;
				CLANG_WARN_OBJC_ROOT_CLASS = YES_ERROR;
				CLANG_WARN_RANGE_LOOP_ANALYSIS = YES;
				CLANG_WARN_STRICT_PROTOTYPES = YES;
				CLANG_WARN_SUSPICIOUS_MOVE = YES;
				CLANG_WARN_UNGUARDED_AVAILABILITY = YES_AGGRESSIVE;
				CLANG_WARN_UNREACHABLE_CODE = YES;
				CLANG_WARN__DUPLICATE_METHOD_MATCH = YES;
				COPY_PHASE_STRIP = NO;
				CURRENT_PROJECT_VERSION = 1;
				DEBUG_INFORMATION_FORMAT = dwarf;
				ENABLE_STRICT_OBJC_MSGSEND = YES;
				ENABLE_TESTABILITY = YES;
				GCC_C_LANGUAGE_STANDARD = gnu11;
				GCC_DYNAMIC_NO_PIC = NO;
				GCC_NO_COMMON_BLOCKS = YES;
				GCC_OPTIMIZATION_LEVEL = 0;
				GCC_PREPROCESSOR_DEFINITIONS = (
					"DEBUG=1",
					"$(inherited)",
				);
				GCC_WARN_64_TO_32_BIT_CONVERSION = YES;
				GCC_WARN_ABOUT_RETURN_TYPE = YES_ERROR;
				GCC_WARN_UNDECLARED_SELECTOR = YES;
				GCC_WARN_UNINITIALIZED_AUTOS = YES_AGGRESSIVE;
				GCC_WARN_UNUSED_FUNCTION = YES;
				GCC_WARN_UNUSED_VARIABLE = YES;
				IPHONEOS_DEPLOYMENT_TARGET = 13.4;
				MTL_ENABLE_DEBUG_INFO = INCLUDE_SOURCE;
				MTL_FAST_MATH = YES;
				ONLY_ACTIVE_ARCH = YES;
				SDKROOT = iphoneos;
				VERSIONING_SYSTEM = "apple-generic";
				VERSION_INFO_PREFIX = "";
			};
			name = Debug;
		};
		33895C13244DB83300E0FD0B /* Release */ = {
			isa = XCBuildConfiguration;
			buildSettings = {
				ALWAYS_SEARCH_USER_PATHS = NO;
				CLANG_ANALYZER_NONNULL = YES;
				CLANG_ANALYZER_NUMBER_OBJECT_CONVERSION = YES_AGGRESSIVE;
				CLANG_CXX_LANGUAGE_STANDARD = "gnu++14";
				CLANG_CXX_LIBRARY = "libc++";
				CLANG_ENABLE_MODULES = YES;
				CLANG_ENABLE_OBJC_ARC = YES;
				CLANG_ENABLE_OBJC_WEAK = YES;
				CLANG_WARN_BLOCK_CAPTURE_AUTORELEASING = YES;
				CLANG_WARN_BOOL_CONVERSION = YES;
				CLANG_WARN_COMMA = YES;
				CLANG_WARN_CONSTANT_CONVERSION = YES;
				CLANG_WARN_DEPRECATED_OBJC_IMPLEMENTATIONS = YES;
				CLANG_WARN_DIRECT_OBJC_ISA_USAGE = YES_ERROR;
				CLANG_WARN_DOCUMENTATION_COMMENTS = YES;
				CLANG_WARN_EMPTY_BODY = YES;
				CLANG_WARN_ENUM_CONVERSION = YES;
				CLANG_WARN_INFINITE_RECURSION = YES;
				CLANG_WARN_INT_CONVERSION = YES;
				CLANG_WARN_NON_LITERAL_NULL_CONVERSION = YES;
				CLANG_WARN_OBJC_IMPLICIT_RETAIN_SELF = YES;
				CLANG_WARN_OBJC_LITERAL_CONVERSION = YES;
				CLANG_WARN_OBJC_ROOT_CLASS = YES_ERROR;
				CLANG_WARN_RANGE_LOOP_ANALYSIS = YES;
				CLANG_WARN_STRICT_PROTOTYPES = YES;
				CLANG_WARN_SUSPICIOUS_MOVE = YES;
				CLANG_WARN_UNGUARDED_AVAILABILITY = YES_AGGRESSIVE;
				CLANG_WARN_UNREACHABLE_CODE = YES;
				CLANG_WARN__DUPLICATE_METHOD_MATCH = YES;
				COPY_PHASE_STRIP = NO;
				CURRENT_PROJECT_VERSION = 1;
				DEBUG_INFORMATION_FORMAT = "dwarf-with-dsym";
				ENABLE_NS_ASSERTIONS = NO;
				ENABLE_STRICT_OBJC_MSGSEND = YES;
				GCC_C_LANGUAGE_STANDARD = gnu11;
				GCC_NO_COMMON_BLOCKS = YES;
				GCC_WARN_64_TO_32_BIT_CONVERSION = YES;
				GCC_WARN_ABOUT_RETURN_TYPE = YES_ERROR;
				GCC_WARN_UNDECLARED_SELECTOR = YES;
				GCC_WARN_UNINITIALIZED_AUTOS = YES_AGGRESSIVE;
				GCC_WARN_UNUSED_FUNCTION = YES;
				GCC_WARN_UNUSED_VARIABLE = YES;
				IPHONEOS_DEPLOYMENT_TARGET = 13.4;
				MTL_ENABLE_DEBUG_INFO = NO;
				MTL_FAST_MATH = YES;
				SDKROOT = iphoneos;
				VALIDATE_PRODUCT = YES;
				VERSIONING_SYSTEM = "apple-generic";
				VERSION_INFO_PREFIX = "";
			};
			name = Release;
		};
		33895C15244DB83300E0FD0B /* Debug */ = {
			isa = XCBuildConfiguration;
			buildSettings = {
				CODE_SIGN_STYLE = Automatic;
				DEFINES_MODULE = YES;
				DYLIB_COMPATIBILITY_VERSION = 1;
				DYLIB_CURRENT_VERSION = 1;
				DYLIB_INSTALL_NAME_BASE = "@rpath";
				INFOPLIST_FILE = LGSDK/Info.plist;
				INSTALL_PATH = "$(LOCAL_LIBRARY_DIR)/Frameworks";
				LD_RUNPATH_SEARCH_PATHS = (
					"$(inherited)",
					"@executable_path/Frameworks",
					"@loader_path/Frameworks",
				);
				MACH_O_TYPE = staticlib;
				ONLY_ACTIVE_ARCH = NO;
				PRODUCT_BUNDLE_IDENTIFIER = dreamit.LGSDK;
				PRODUCT_NAME = "$(TARGET_NAME:c99extidentifier)";
				SKIP_INSTALL = YES;
				TARGETED_DEVICE_FAMILY = "1,2";
			};
			name = Debug;
		};
		33895C16244DB83300E0FD0B /* Release */ = {
			isa = XCBuildConfiguration;
			buildSettings = {
				CODE_SIGN_STYLE = Automatic;
				DEFINES_MODULE = YES;
				DYLIB_COMPATIBILITY_VERSION = 1;
				DYLIB_CURRENT_VERSION = 1;
				DYLIB_INSTALL_NAME_BASE = "@rpath";
				INFOPLIST_FILE = LGSDK/Info.plist;
				INSTALL_PATH = "$(LOCAL_LIBRARY_DIR)/Frameworks";
				LD_RUNPATH_SEARCH_PATHS = (
					"$(inherited)",
					"@executable_path/Frameworks",
					"@loader_path/Frameworks",
				);
				MACH_O_TYPE = staticlib;
				ONLY_ACTIVE_ARCH = NO;
				PRODUCT_BUNDLE_IDENTIFIER = dreamit.LGSDK;
				PRODUCT_NAME = "$(TARGET_NAME:c99extidentifier)";
				SKIP_INSTALL = YES;
				TARGETED_DEVICE_FAMILY = "1,2";
			};
			name = Release;
		};
		33895C18244DB83300E0FD0B /* Debug */ = {
			isa = XCBuildConfiguration;
			buildSettings = {
				CODE_SIGN_STYLE = Automatic;
				INFOPLIST_FILE = LGSDKTests/Info.plist;
				LD_RUNPATH_SEARCH_PATHS = (
					"$(inherited)",
					"@executable_path/Frameworks",
					"@loader_path/Frameworks",
				);
				PRODUCT_BUNDLE_IDENTIFIER = dreamit.LGSDKTests;
				PRODUCT_NAME = "$(TARGET_NAME)";
				TARGETED_DEVICE_FAMILY = "1,2";
			};
			name = Debug;
		};
		33895C19244DB83300E0FD0B /* Release */ = {
			isa = XCBuildConfiguration;
			buildSettings = {
				CODE_SIGN_STYLE = Automatic;
				INFOPLIST_FILE = LGSDKTests/Info.plist;
				LD_RUNPATH_SEARCH_PATHS = (
					"$(inherited)",
					"@executable_path/Frameworks",
					"@loader_path/Frameworks",
				);
				PRODUCT_BUNDLE_IDENTIFIER = dreamit.LGSDKTests;
				PRODUCT_NAME = "$(TARGET_NAME)";
				TARGETED_DEVICE_FAMILY = "1,2";
			};
			name = Release;
		};
/* End XCBuildConfiguration section */

/* Begin XCConfigurationList section */
		33895BFA244DB83200E0FD0B /* Build configuration list for PBXProject "LGSDK" */ = {
			isa = XCConfigurationList;
			buildConfigurations = (
				33895C12244DB83300E0FD0B /* Debug */,
				33895C13244DB83300E0FD0B /* Release */,
			);
			defaultConfigurationIsVisible = 0;
			defaultConfigurationName = Release;
		};
		33895C14244DB83300E0FD0B /* Build configuration list for PBXNativeTarget "LGSDK" */ = {
			isa = XCConfigurationList;
			buildConfigurations = (
				33895C15244DB83300E0FD0B /* Debug */,
				33895C16244DB83300E0FD0B /* Release */,
			);
			defaultConfigurationIsVisible = 0;
			defaultConfigurationName = Release;
		};
		33895C17244DB83300E0FD0B /* Build configuration list for PBXNativeTarget "LGSDKTests" */ = {
			isa = XCConfigurationList;
			buildConfigurations = (
				33895C18244DB83300E0FD0B /* Debug */,
				33895C19244DB83300E0FD0B /* Release */,
			);
			defaultConfigurationIsVisible = 0;
			defaultConfigurationName = Release;
		};
/* End XCConfigurationList section */
	};
	rootObject = 33895BF7244DB83200E0FD0B /* Project object */;
}
